
Microsoft Visual Studio Solution File, Format Version 12.00
Project("{FAE04EC0-301F-11D3-BF4B-00C04F79EFBC}") = "DigitalButler.Web", "DigitalButler.Web\DigitalButler.Web.csproj", "{715FF6A2-FFAC-4DDB-A332-757D24564D71}"
EndProject
Project("{FAE04EC0-301F-11D3-BF4B-00C04F79EFBC}") = "DigitalButler.Context", "DigitalButler.Context\DigitalButler.Context.csproj", "{2D1402AD-45E8-41FB-AA49-62D3A183447D}"
EndProject
Project("{FAE04EC0-301F-11D3-BF4B-00C04F79EFBC}") = "DigitalButler.Telegram", "DigitalButler.Telegram\DigitalButler.Telegram.csproj", "{61E8AAFE-A4EF-423E-B50E-5BB74A2F3AAC}"
EndProject
Project("{FAE04EC0-301F-11D3-BF4B-00C04F79EFBC}") = "DigitalButler.Data", "DigitalButler.Data\DigitalButler.Data.csproj", "{B8A1E5C3-F2D4-4A6B-9C8E-1D3F5A7B9E2C}"
EndProject
Project("{FAE04EC0-301F-11D3-BF4B-00C04F79EFBC}") = "DigitalButler.Skills", "DigitalButler.Skills\DigitalButler.Skills.csproj", "{C9D2E3F4-A5B6-4C7D-8E9F-0A1B2C3D4E5F}"
EndProject
Project("{FAE04EC0-301F-11D3-BF4B-00C04F79EFBC}") = "DigitalButler.Common", "DigitalButler.Common\DigitalButler.Common.csproj", "{D6A6C7D1-6E52-4AA5-9B07-1C6A0E52B6B4}"
EndProject
Global
	GlobalSection(SolutionConfigurationPlatforms) = preSolution
		Debug|Any CPU = Debug|Any CPU
		Release|Any CPU = Release|Any CPU
	EndGlobalSection
	GlobalSection(ProjectConfigurationPlatforms) = postSolution
		{715FF6A2-FFAC-4DDB-A332-757D24564D71}.Debug|Any CPU.ActiveCfg = Debug|Any CPU
		{715FF6A2-FFAC-4DDB-A332-757D24564D71}.Debug|Any CPU.Build.0 = Debug|Any CPU
		{715FF6A2-FFAC-4DDB-A332-757D24564D71}.Release|Any CPU.ActiveCfg = Release|Any CPU
		{715FF6A2-FFAC-4DDB-A332-757D24564D71}.Release|Any CPU.Build.0 = Release|Any CPU
		{2D1402AD-45E8-41FB-AA49-62D3A183447D}.Debug|Any CPU.ActiveCfg = Debug|Any CPU
		{2D1402AD-45E8-41FB-AA49-62D3A183447D}.Debug|Any CPU.Build.0 = Debug|Any CPU
		{2D1402AD-45E8-41FB-AA49-62D3A183447D}.Release|Any CPU.ActiveCfg = Release|Any CPU
		{2D1402AD-45E8-41FB-AA49-62D3A183447D}.Release|Any CPU.Build.0 = Release|Any CPU
		{61E8AAFE-A4EF-423E-B50E-5BB74A2F3AAC}.Debug|Any CPU.ActiveCfg = Debug|Any CPU
		{61E8AAFE-A4EF-423E-B50E-5BB74A2F3AAC}.Debug|Any CPU.Build.0 = Debug|Any CPU
		{61E8AAFE-A4EF-423E-B50E-5BB74A2F3AAC}.Release|Any CPU.ActiveCfg = Release|Any CPU
		{61E8AAFE-A4EF-423E-B50E-5BB74A2F3AAC}.Release|Any CPU.Build.0 = Release|Any CPU
		{B8A1E5C3-F2D4-4A6B-9C8E-1D3F5A7B9E2C}.Debug|Any CPU.ActiveCfg = Debug|Any CPU
		{B8A1E5C3-F2D4-4A6B-9C8E-1D3F5A7B9E2C}.Debug|Any CPU.Build.0 = Debug|Any CPU
		{B8A1E5C3-F2D4-4A6B-9C8E-1D3F5A7B9E2C}.Release|Any CPU.ActiveCfg = Release|Any CPU
		{B8A1E5C3-F2D4-4A6B-9C8E-1D3F5A7B9E2C}.Release|Any CPU.Build.0 = Release|Any CPU
		{C9D2E3F4-A5B6-4C7D-8E9F-0A1B2C3D4E5F}.Debug|Any CPU.ActiveCfg = Debug|Any CPU
		{C9D2E3F4-A5B6-4C7D-8E9F-0A1B2C3D4E5F}.Debug|Any CPU.Build.0 = Debug|Any CPU
		{C9D2E3F4-A5B6-4C7D-8E9F-0A1B2C3D4E5F}.Release|Any CPU.ActiveCfg = Release|Any CPU
		{C9D2E3F4-A5B6-4C7D-8E9F-0A1B2C3D4E5F}.Release|Any CPU.Build.0 = Release|Any CPU
		{D6A6C7D1-6E52-4AA5-9B07-1C6A0E52B6B4}.Debug|Any CPU.ActiveCfg = Debug|Any CPU
		{D6A6C7D1-6E52-4AA5-9B07-1C6A0E52B6B4}.Debug|Any CPU.Build.0 = Debug|Any CPU
		{D6A6C7D1-6E52-4AA5-9B07-1C6A0E52B6B4}.Release|Any CPU.ActiveCfg = Release|Any CPU
		{D6A6C7D1-6E52-4AA5-9B07-1C6A0E52B6B4}.Release|Any CPU.Build.0 = Release|Any CPU
	EndGlobalSection
EndGlobal
